
Microsoft Visual Studio Solution File, Format Version 12.00
# Visual Studio Version 16
VisualStudioVersion = 16.0.29613.14
MinimumVisualStudioVersion = 10.0.40219.1
Project("{FAE04EC0-301F-11D3-BF4B-00C04F79EFBC}") = "CinemaAppBackend", "CinemaAppBackend.csproj", "{175982E1-2580-4F61-B019-D8EF95CFB5CF}"
EndProject
Global
	GlobalSection(SolutionConfigurationPlatforms) = preSolution
		Debug|Any CPU = Debug|Any CPU
		Release|Any CPU = Release|Any CPU
	EndGlobalSection
	GlobalSection(ProjectConfigurationPlatforms) = postSolution
		{175982E1-2580-4F61-B019-D8EF95CFB5CF}.Debug|Any CPU.ActiveCfg = Debug|Any CPU
		{175982E1-2580-4F61-B019-D8EF95CFB5CF}.Debug|Any CPU.Build.0 = Debug|Any CPU
		{175982E1-2580-4F61-B019-D8EF95CFB5CF}.Release|Any CPU.ActiveCfg = Release|Any CPU
		{175982E1-2580-4F61-B019-D8EF95CFB5CF}.Release|Any CPU.Build.0 = Release|Any CPU
	EndGlobalSection
	GlobalSection(SolutionProperties) = preSolution
		HideSolutionNode = FALSE
	EndGlobalSection
	GlobalSection(ExtensibilityGlobals) = postSolution
		SolutionGuid = {B7138838-C920-4EFC-9CCF-DFD4512BC380}
	EndGlobalSection
EndGlobal
